
Microsoft Visual Studio Solution File, Format Version 12.00
# Visual Studio 15
VisualStudioVersion = 15.0.26228.9
MinimumVisualStudioVersion = 10.0.40219.1
Project("{FAE04EC0-301F-11D3-BF4B-00C04F79EFBC}") = "SSP_WebAPI", "SSP_WebAPI\SSP_WebAPI.csproj", "{479C6DDB-8AD6-4F27-A2C3-A69B3F171060}"
EndProject
Global
	GlobalSection(SolutionConfigurationPlatforms) = preSolution
		Debug|Any CPU = Debug|Any CPU
		Release|Any CPU = Release|Any CPU
	EndGlobalSection
	GlobalSection(ProjectConfigurationPlatforms) = postSolution
		{479C6DDB-8AD6-4F27-A2C3-A69B3F171060}.Debug|Any CPU.ActiveCfg = Debug|Any CPU
		{479C6DDB-8AD6-4F27-A2C3-A69B3F171060}.Debug|Any CPU.Build.0 = Debug|Any CPU
		{479C6DDB-8AD6-4F27-A2C3-A69B3F171060}.Release|Any CPU.ActiveCfg = Release|Any CPU
		{479C6DDB-8AD6-4F27-A2C3-A69B3F171060}.Release|Any CPU.Build.0 = Release|Any CPU
	EndGlobalSection
	GlobalSection(SolutionProperties) = preSolution
		HideSolutionNode = FALSE
	EndGlobalSection
	GlobalSection(ExtensibilityGlobals) = postSolution
		VisualSVNWorkingCopyRoot = .
		EnterpriseLibraryConfigurationToolBinariesPathV6 = packages\EnterpriseLibrary.Common.6.0.1304.0\lib\NET45;packages\EnterpriseLibrary.Logging.6.0.1304.0\lib\NET45
		EnterpriseLibraryConfigurationToolBinariesPath = packages\EnterpriseLibrary.Logging.5.0.505.1\lib\NET35;packages\Unity.2.1.505.0\lib\NET35;packages\Unity.Interception.2.1.505.0\lib\NET35;packages\EnterpriseLibrary.Common.5.0.505.0\lib\NET35;packages\EnterpriseLibrary.Logging.5.0.505.0\lib\NET35
	EndGlobalSection
EndGlobal
